
Microsoft Visual Studio Solution File, Format Version 12.00
# Visual Studio 15
VisualStudioVersion = 15.0.28307.421
MinimumVisualStudioVersion = 10.0.40219.1
Project("{FAE04EC0-301F-11D3-BF4B-00C04F79EFBC}") = "Payroll", "Payroll\Payroll.csproj", "{88787562-5A8C-40B1-AE41-7B06025CC8EF}"
EndProject
Global
	GlobalSection(SolutionConfigurationPlatforms) = preSolution
		Debug|Any CPU = Debug|Any CPU
		Release|Any CPU = Release|Any CPU
	EndGlobalSection
	GlobalSection(ProjectConfigurationPlatforms) = postSolution
		{88787562-5A8C-40B1-AE41-7B06025CC8EF}.Debug|Any CPU.ActiveCfg = Debug|Any CPU
		{88787562-5A8C-40B1-AE41-7B06025CC8EF}.Debug|Any CPU.Build.0 = Debug|Any CPU
		{88787562-5A8C-40B1-AE41-7B06025CC8EF}.Release|Any CPU.ActiveCfg = Release|Any CPU
		{88787562-5A8C-40B1-AE41-7B06025CC8EF}.Release|Any CPU.Build.0 = Release|Any CPU
	EndGlobalSection
	GlobalSection(SolutionProperties) = preSolution
		HideSolutionNode = FALSE
	EndGlobalSection
	GlobalSection(ExtensibilityGlobals) = postSolution
		SolutionGuid = {45BF999D-0939-408B-9185-B876A0E2FD09}
	EndGlobalSection
EndGlobal
